// !$*UTF8*$!
{
	archiveVersion = 1;
	classes = {
	};
	objectVersion = 46;
	objects = {

/* Begin PBXBuildFile section */
		218D6EE520FC3CEB0029D4A9 /* Configuration.xib in Resources */ = {isa = PBXBuildFile; fileRef = 218D6EDC20FC3CEB0029D4A9 /* Configuration.xib */; };
		218D6EE720FC3CEB0029D4A9 /* Label.swift in Sources */ = {isa = PBXBuildFile; fileRef = 218D6EE020FC3CEB0029D4A9 /* Label.swift */; };
		218D6EE820FC3CEB0029D4A9 /* Preferences.swift in Sources */ = {isa = PBXBuildFile; fileRef = 218D6EE120FC3CEB0029D4A9 /* Preferences.swift */; };
		218D6EE920FC3CEB0029D4A9 /* CountdownView.swift in Sources */ = {isa = PBXBuildFile; fileRef = 218D6EE220FC3CEB0029D4A9 /* CountdownView.swift */; };
		218D6EEA20FC3CEB0029D4A9 /* PlaceView.swift in Sources */ = {isa = PBXBuildFile; fileRef = 218D6EE320FC3CEB0029D4A9 /* PlaceView.swift */; };
		218D6EEB20FC3CEB0029D4A9 /* ConfigurationWindowController.swift in Sources */ = {isa = PBXBuildFile; fileRef = 218D6EE420FC3CEB0029D4A9 /* ConfigurationWindowController.swift */; };
		218D6EF520FC3CF00029D4A9 /* MainMenu.xib in Resources */ = {isa = PBXBuildFile; fileRef = 218D6EEE20FC3CF00029D4A9 /* MainMenu.xib */; };
		218D6EF620FC3CF00029D4A9 /* Images.xcassets in Resources */ = {isa = PBXBuildFile; fileRef = 218D6EF020FC3CF00029D4A9 /* Images.xcassets */; };
		218D6EF720FC3CF00029D4A9 /* Info.plist in Resources */ = {isa = PBXBuildFile; fileRef = 218D6EF220FC3CF00029D4A9 /* Info.plist */; };
		218D6EF820FC3CF00029D4A9 /* AppDelegate.swift in Sources */ = {isa = PBXBuildFile; fileRef = 218D6EF420FC3CF00029D4A9 /* AppDelegate.swift */; };
		218D6EF920FC3D440029D4A9 /* Label.swift in Sources */ = {isa = PBXBuildFile; fileRef = 218D6EE020FC3CEB0029D4A9 /* Label.swift */; };
		218D6EFA20FC3D440029D4A9 /* Preferences.swift in Sources */ = {isa = PBXBuildFile; fileRef = 218D6EE120FC3CEB0029D4A9 /* Preferences.swift */; };
		218D6EFB20FC3D440029D4A9 /* CountdownView.swift in Sources */ = {isa = PBXBuildFile; fileRef = 218D6EE220FC3CEB0029D4A9 /* CountdownView.swift */; };
		218D6EFC20FC3D440029D4A9 /* PlaceView.swift in Sources */ = {isa = PBXBuildFile; fileRef = 218D6EE320FC3CEB0029D4A9 /* PlaceView.swift */; };
		218D6EFD20FC3D440029D4A9 /* ConfigurationWindowController.swift in Sources */ = {isa = PBXBuildFile; fileRef = 218D6EE420FC3CEB0029D4A9 /* ConfigurationWindowController.swift */; };
		218D6EFE20FC3D4E0029D4A9 /* Configuration.xib in Resources */ = {isa = PBXBuildFile; fileRef = 218D6EDC20FC3CEB0029D4A9 /* Configuration.xib */; };
/* End PBXBuildFile section */

/* Begin PBXFileReference section */
		218D6EDC20FC3CEB0029D4A9 /* Configuration.xib */ = {isa = PBXFileReference; fileEncoding = 4; lastKnownFileType = file.xib; path = Configuration.xib; sourceTree = "<group>"; };
		218D6EDE20FC3CEB0029D4A9 /* Info.plist */ = {isa = PBXFileReference; fileEncoding = 4; lastKnownFileType = text.plist.xml; path = Info.plist; sourceTree = "<group>"; };
		218D6EE020FC3CEB0029D4A9 /* Label.swift */ = {isa = PBXFileReference; fileEncoding = 4; lastKnownFileType = sourcecode.swift; path = Label.swift; sourceTree = "<group>"; };
		218D6EE120FC3CEB0029D4A9 /* Preferences.swift */ = {isa = PBXFileReference; fileEncoding = 4; lastKnownFileType = sourcecode.swift; path = Preferences.swift; sourceTree = "<group>"; };
		218D6EE220FC3CEB0029D4A9 /* CountdownView.swift */ = {isa = PBXFileReference; fileEncoding = 4; lastKnownFileType = sourcecode.swift; path = CountdownView.swift; sourceTree = "<group>"; };
		218D6EE320FC3CEB0029D4A9 /* PlaceView.swift */ = {isa = PBXFileReference; fileEncoding = 4; lastKnownFileType = sourcecode.swift; path = PlaceView.swift; sourceTree = "<group>"; };
		218D6EE420FC3CEB0029D4A9 /* ConfigurationWindowController.swift */ = {isa = PBXFileReference; fileEncoding = 4; lastKnownFileType = sourcecode.swift; path = ConfigurationWindowController.swift; sourceTree = "<group>"; };
		218D6EEF20FC3CF00029D4A9 /* Base */ = {isa = PBXFileReference; lastKnownFileType = file.xib; name = Base; path = Base.lproj/MainMenu.xib; sourceTree = "<group>"; };
		218D6EF020FC3CF00029D4A9 /* Images.xcassets */ = {isa = PBXFileReference; lastKnownFileType = folder.assetcatalog; path = Images.xcassets; sourceTree = "<group>"; };
		218D6EF220FC3CF00029D4A9 /* Info.plist */ = {isa = PBXFileReference; fileEncoding = 4; lastKnownFileType = text.plist.xml; path = Info.plist; sourceTree = "<group>"; };
		218D6EF420FC3CF00029D4A9 /* AppDelegate.swift */ = {isa = PBXFileReference; fileEncoding = 4; lastKnownFileType = sourcecode.swift; path = AppDelegate.swift; sourceTree = "<group>"; };
		21F222261B73B5AC00B9A11A /* Countdown.saver */ = {isa = PBXFileReference; explicitFileType = wrapper.cfbundle; includeInIndex = 0; path = Countdown.saver; sourceTree = BUILT_PRODUCTS_DIR; };
		21F2223A1B73B60100B9A11A /* Preview.app */ = {isa = PBXFileReference; explicitFileType = wrapper.application; includeInIndex = 0; path = Preview.app; sourceTree = BUILT_PRODUCTS_DIR; };
/* End PBXFileReference section */

/* Begin PBXFrameworksBuildPhase section */
		21F222221B73B5AC00B9A11A /* Frameworks */ = {
			isa = PBXFrameworksBuildPhase;
			buildActionMask = 2147483647;
			files = (
			);
			runOnlyForDeploymentPostprocessing = 0;
		};
		21F222371B73B60100B9A11A /* Frameworks */ = {
			isa = PBXFrameworksBuildPhase;
			buildActionMask = 2147483647;
			files = (
			);
			runOnlyForDeploymentPostprocessing = 0;
		};
/* End PBXFrameworksBuildPhase section */

/* Begin PBXGroup section */
		218D6EDA20FC3CEB0029D4A9 /* Countdown */ = {
			isa = PBXGroup;
			children = (
				218D6EDB20FC3CEB0029D4A9 /* Resources */,
				218D6EDD20FC3CEB0029D4A9 /* Support */,
				218D6EDF20FC3CEB0029D4A9 /* Sources */,
			);
			path = Countdown;
			sourceTree = "<group>";
		};
		218D6EDB20FC3CEB0029D4A9 /* Resources */ = {
			isa = PBXGroup;
			children = (
				218D6EDC20FC3CEB0029D4A9 /* Configuration.xib */,
			);
			path = Resources;
			sourceTree = "<group>";
		};
		218D6EDD20FC3CEB0029D4A9 /* Support */ = {
			isa = PBXGroup;
			children = (
				218D6EDE20FC3CEB0029D4A9 /* Info.plist */,
			);
			path = Support;
			sourceTree = "<group>";
		};
		218D6EDF20FC3CEB0029D4A9 /* Sources */ = {
			isa = PBXGroup;
			children = (
				218D6EE020FC3CEB0029D4A9 /* Label.swift */,
				218D6EE120FC3CEB0029D4A9 /* Preferences.swift */,
				218D6EE220FC3CEB0029D4A9 /* CountdownView.swift */,
				218D6EE320FC3CEB0029D4A9 /* PlaceView.swift */,
				218D6EE420FC3CEB0029D4A9 /* ConfigurationWindowController.swift */,
			);
			path = Sources;
			sourceTree = "<group>";
		};
		218D6EEC20FC3CF00029D4A9 /* Preview */ = {
			isa = PBXGroup;
			children = (
				218D6EED20FC3CF00029D4A9 /* Resources */,
				218D6EF120FC3CF00029D4A9 /* Support */,
				218D6EF320FC3CF00029D4A9 /* Sources */,
			);
			path = Preview;
			sourceTree = "<group>";
		};
		218D6EED20FC3CF00029D4A9 /* Resources */ = {
			isa = PBXGroup;
			children = (
				218D6EEE20FC3CF00029D4A9 /* MainMenu.xib */,
				218D6EF020FC3CF00029D4A9 /* Images.xcassets */,
			);
			path = Resources;
			sourceTree = "<group>";
		};
		218D6EF120FC3CF00029D4A9 /* Support */ = {
			isa = PBXGroup;
			children = (
				218D6EF220FC3CF00029D4A9 /* Info.plist */,
			);
			path = Support;
			sourceTree = "<group>";
		};
		218D6EF320FC3CF00029D4A9 /* Sources */ = {
			isa = PBXGroup;
			children = (
				218D6EF420FC3CF00029D4A9 /* AppDelegate.swift */,
			);
			path = Sources;
			sourceTree = "<group>";
		};
		21F2221C1B73B5AC00B9A11A = {
			isa = PBXGroup;
			children = (
				218D6EDA20FC3CEB0029D4A9 /* Countdown */,
				218D6EEC20FC3CF00029D4A9 /* Preview */,
				21F222271B73B5AC00B9A11A /* Products */,
			);
			sourceTree = "<group>";
		};
		21F222271B73B5AC00B9A11A /* Products */ = {
			isa = PBXGroup;
			children = (
				21F222261B73B5AC00B9A11A /* Countdown.saver */,
				21F2223A1B73B60100B9A11A /* Preview.app */,
			);
			name = Products;
			sourceTree = "<group>";
		};
/* End PBXGroup section */

/* Begin PBXHeadersBuildPhase section */
		21F222231B73B5AC00B9A11A /* Headers */ = {
			isa = PBXHeadersBuildPhase;
			buildActionMask = 2147483647;
			files = (
			);
			runOnlyForDeploymentPostprocessing = 0;
		};
/* End PBXHeadersBuildPhase section */

/* Begin PBXNativeTarget section */
		21F222251B73B5AC00B9A11A /* Countdown */ = {
			isa = PBXNativeTarget;
			buildConfigurationList = 21F222311B73B5AC00B9A11A /* Build configuration list for PBXNativeTarget "Countdown" */;
			buildPhases = (
				21F222211B73B5AC00B9A11A /* Sources */,
				21F222221B73B5AC00B9A11A /* Frameworks */,
				21F222231B73B5AC00B9A11A /* Headers */,
				21F222241B73B5AC00B9A11A /* Resources */,
			);
			buildRules = (
			);
			dependencies = (
			);
			name = Countdown;
			productName = Motivation;
			productReference = 21F222261B73B5AC00B9A11A /* Countdown.saver */;
			productType = "com.apple.product-type.bundle";
		};
		21F222391B73B60100B9A11A /* Preview */ = {
			isa = PBXNativeTarget;
			buildConfigurationList = 21F222531B73B60100B9A11A /* Build configuration list for PBXNativeTarget "Preview" */;
			buildPhases = (
				21F222361B73B60100B9A11A /* Sources */,
				21F222371B73B60100B9A11A /* Frameworks */,
				21F222381B73B60100B9A11A /* Resources */,
			);
			buildRules = (
			);
			dependencies = (
			);
			name = Preview;
			productName = Preview;
			productReference = 21F2223A1B73B60100B9A11A /* Preview.app */;
			productType = "com.apple.product-type.application";
		};
/* End PBXNativeTarget section */

/* Begin PBXProject section */
		21F2221D1B73B5AC00B9A11A /* Project object */ = {
			isa = PBXProject;
			attributes = {
				LastSwiftUpdateCheck = 0700;
				LastUpgradeCheck = 1000;
				ORGANIZATIONNAME = "Sam Soffes";
				TargetAttributes = {
					21F222251B73B5AC00B9A11A = {
						CreatedOnToolsVersion = 6.4;
						DevelopmentTeam = UP9C8XM22A;
						ProvisioningStyle = Automatic;
					};
					21F222391B73B60100B9A11A = {
						CreatedOnToolsVersion = 6.4;
					};
				};
			};
			buildConfigurationList = 21F222201B73B5AC00B9A11A /* Build configuration list for PBXProject "Countdown" */;
			compatibilityVersion = "Xcode 3.2";
			developmentRegion = English;
			hasScannedForEncodings = 0;
			knownRegions = (
				en,
				Base,
			);
			mainGroup = 21F2221C1B73B5AC00B9A11A;
			productRefGroup = 21F222271B73B5AC00B9A11A /* Products */;
			projectDirPath = "";
			projectRoot = "";
			targets = (
				21F222251B73B5AC00B9A11A /* Countdown */,
				21F222391B73B60100B9A11A /* Preview */,
			);
		};
/* End PBXProject section */

/* Begin PBXResourcesBuildPhase section */
		21F222241B73B5AC00B9A11A /* Resources */ = {
			isa = PBXResourcesBuildPhase;
			buildActionMask = 2147483647;
			files = (
				218D6EE520FC3CEB0029D4A9 /* Configuration.xib in Resources */,
			);
			runOnlyForDeploymentPostprocessing = 0;
		};
		21F222381B73B60100B9A11A /* Resources */ = {
			isa = PBXResourcesBuildPhase;
			buildActionMask = 2147483647;
			files = (
				218D6EF520FC3CF00029D4A9 /* MainMenu.xib in Resources */,
				218D6EF620FC3CF00029D4A9 /* Images.xcassets in Resources */,
				218D6EFE20FC3D4E0029D4A9 /* Configuration.xib in Resources */,
				218D6EF720FC3CF00029D4A9 /* Info.plist in Resources */,
			);
			runOnlyForDeploymentPostprocessing = 0;
		};
/* End PBXResourcesBuildPhase section */

/* Begin PBXSourcesBuildPhase section */
		21F222211B73B5AC00B9A11A /* Sources */ = {
			isa = PBXSourcesBuildPhase;
			buildActionMask = 2147483647;
			files = (
				218D6EE920FC3CEB0029D4A9 /* CountdownView.swift in Sources */,
				218D6EE820FC3CEB0029D4A9 /* Preferences.swift in Sources */,
				218D6EEB20FC3CEB0029D4A9 /* ConfigurationWindowController.swift in Sources */,
				218D6EEA20FC3CEB0029D4A9 /* PlaceView.swift in Sources */,
				218D6EE720FC3CEB0029D4A9 /* Label.swift in Sources */,
			);
			runOnlyForDeploymentPostprocessing = 0;
		};
		21F222361B73B60100B9A11A /* Sources */ = {
			isa = PBXSourcesBuildPhase;
			buildActionMask = 2147483647;
			files = (
				218D6EFD20FC3D440029D4A9 /* ConfigurationWindowController.swift in Sources */,
				218D6EF920FC3D440029D4A9 /* Label.swift in Sources */,
				218D6EF820FC3CF00029D4A9 /* AppDelegate.swift in Sources */,
				218D6EFC20FC3D440029D4A9 /* PlaceView.swift in Sources */,
				218D6EFB20FC3D440029D4A9 /* CountdownView.swift in Sources */,
				218D6EFA20FC3D440029D4A9 /* Preferences.swift in Sources */,
			);
			runOnlyForDeploymentPostprocessing = 0;
		};
/* End PBXSourcesBuildPhase section */

/* Begin PBXVariantGroup section */
		218D6EEE20FC3CF00029D4A9 /* MainMenu.xib */ = {
			isa = PBXVariantGroup;
			children = (
				218D6EEF20FC3CF00029D4A9 /* Base */,
			);
			name = MainMenu.xib;
			sourceTree = "<group>";
		};
/* End PBXVariantGroup section */

/* Begin XCBuildConfiguration section */
		21F2222F1B73B5AC00B9A11A /* Debug */ = {
			isa = XCBuildConfiguration;
			buildSettings = {
				ALWAYS_SEARCH_USER_PATHS = NO;
				CLANG_CXX_LANGUAGE_STANDARD = "gnu++0x";
				CLANG_CXX_LIBRARY = "libc++";
				CLANG_ENABLE_MODULES = YES;
				CLANG_ENABLE_OBJC_ARC = YES;
				CLANG_WARN_BLOCK_CAPTURE_AUTORELEASING = YES;
				CLANG_WARN_BOOL_CONVERSION = YES;
				CLANG_WARN_COMMA = YES;
				CLANG_WARN_CONSTANT_CONVERSION = YES;
				CLANG_WARN_DEPRECATED_OBJC_IMPLEMENTATIONS = YES;
				CLANG_WARN_DIRECT_OBJC_ISA_USAGE = YES_ERROR;
				CLANG_WARN_EMPTY_BODY = YES;
				CLANG_WARN_ENUM_CONVERSION = YES;
				CLANG_WARN_INFINITE_RECURSION = YES;
				CLANG_WARN_INT_CONVERSION = YES;
				CLANG_WARN_NON_LITERAL_NULL_CONVERSION = YES;
				CLANG_WARN_OBJC_IMPLICIT_RETAIN_SELF = YES;
				CLANG_WARN_OBJC_LITERAL_CONVERSION = YES;
				CLANG_WARN_OBJC_ROOT_CLASS = YES_ERROR;
				CLANG_WARN_RANGE_LOOP_ANALYSIS = YES;
				CLANG_WARN_STRICT_PROTOTYPES = YES;
				CLANG_WARN_SUSPICIOUS_MOVE = YES;
				CLANG_WARN_UNREACHABLE_CODE = YES;
				CLANG_WARN__DUPLICATE_METHOD_MATCH = YES;
				COPY_PHASE_STRIP = NO;
				DEBUG_INFORMATION_FORMAT = dwarf;
				ENABLE_STRICT_OBJC_MSGSEND = YES;
				ENABLE_TESTABILITY = YES;
				GCC_C_LANGUAGE_STANDARD = gnu99;
				GCC_DYNAMIC_NO_PIC = NO;
				GCC_NO_COMMON_BLOCKS = YES;
				GCC_OPTIMIZATION_LEVEL = 0;
				GCC_PREPROCESSOR_DEFINITIONS = (
					"DEBUG=1",
					"$(inherited)",
				);
				GCC_SYMBOLS_PRIVATE_EXTERN = NO;
				GCC_WARN_64_TO_32_BIT_CONVERSION = YES;
				GCC_WARN_ABOUT_RETURN_TYPE = YES_ERROR;
				GCC_WARN_UNDECLARED_SELECTOR = YES;
				GCC_WARN_UNINITIALIZED_AUTOS = YES_AGGRESSIVE;
				GCC_WARN_UNUSED_FUNCTION = YES;
				GCC_WARN_UNUSED_VARIABLE = YES;
				MACOSX_DEPLOYMENT_TARGET = 10.11;
				MTL_ENABLE_DEBUG_INFO = YES;
				ONLY_ACTIVE_ARCH = YES;
				SDKROOT = macosx;
				SWIFT_SWIFT3_OBJC_INFERENCE = Off;
				SWIFT_VERSION = 4.2;
			};
			name = Debug;
		};
		21F222301B73B5AC00B9A11A /* Release */ = {
			isa = XCBuildConfiguration;
			buildSettings = {
				ALWAYS_SEARCH_USER_PATHS = NO;
				CLANG_CXX_LANGUAGE_STANDARD = "gnu++0x";
				CLANG_CXX_LIBRARY = "libc++";
				CLANG_ENABLE_MODULES = YES;
				CLANG_ENABLE_OBJC_ARC = YES;
				CLANG_WARN_BLOCK_CAPTURE_AUTORELEASING = YES;
				CLANG_WARN_BOOL_CONVERSION = YES;
				CLANG_WARN_COMMA = YES;
				CLANG_WARN_CONSTANT_CONVERSION = YES;
				CLANG_WARN_DEPRECATED_OBJC_IMPLEMENTATIONS = YES;
				CLANG_WARN_DIRECT_OBJC_ISA_USAGE = YES_ERROR;
				CLANG_WARN_EMPTY_BODY = YES;
				CLANG_WARN_ENUM_CONVERSION = YES;
				CLANG_WARN_INFINITE_RECURSION = YES;
				CLANG_WARN_INT_CONVERSION = YES;
				CLANG_WARN_NON_LITERAL_NULL_CONVERSION = YES;
				CLANG_WARN_OBJC_IMPLICIT_RETAIN_SELF = YES;
				CLANG_WARN_OBJC_LITERAL_CONVERSION = YES;
				CLANG_WARN_OBJC_ROOT_CLASS = YES_ERROR;
				CLANG_WARN_RANGE_LOOP_ANALYSIS = YES;
				CLANG_WARN_STRICT_PROTOTYPES = YES;
				CLANG_WARN_SUSPICIOUS_MOVE = YES;
				CLANG_WARN_UNREACHABLE_CODE = YES;
				CLANG_WARN__DUPLICATE_METHOD_MATCH = YES;
				COPY_PHASE_STRIP = NO;
				DEBUG_INFORMATION_FORMAT = "dwarf-with-dsym";
				ENABLE_NS_ASSERTIONS = NO;
				ENABLE_STRICT_OBJC_MSGSEND = YES;
				GCC_C_LANGUAGE_STANDARD = gnu99;
				GCC_NO_COMMON_BLOCKS = YES;
				GCC_WARN_64_TO_32_BIT_CONVERSION = YES;
				GCC_WARN_ABOUT_RETURN_TYPE = YES_ERROR;
				GCC_WARN_UNDECLARED_SELECTOR = YES;
				GCC_WARN_UNINITIALIZED_AUTOS = YES_AGGRESSIVE;
				GCC_WARN_UNUSED_FUNCTION = YES;
				GCC_WARN_UNUSED_VARIABLE = YES;
				MACOSX_DEPLOYMENT_TARGET = 10.11;
				MTL_ENABLE_DEBUG_INFO = NO;
				SDKROOT = macosx;
				SWIFT_COMPILATION_MODE = wholemodule;
				SWIFT_SWIFT3_OBJC_INFERENCE = Off;
				SWIFT_VERSION = 4.2;
			};
			name = Release;
		};
		21F222321B73B5AC00B9A11A /* Debug */ = {
			isa = XCBuildConfiguration;
			buildSettings = {
				ALWAYS_EMBED_SWIFT_STANDARD_LIBRARIES = YES;
				CLANG_ENABLE_MODULES = YES;
				CODE_SIGN_IDENTITY = "Mac Developer";
				CODE_SIGN_STYLE = Automatic;
				COMBINE_HIDPI_IMAGES = YES;
				DEVELOPMENT_TEAM = UP9C8XM22A;
				INFOPLIST_FILE = "$(SRCROOT)/Countdown/Support/Info.plist";
				INSTALL_PATH = "$(HOME)/Library/Screen Savers";
				LD_RUNPATH_SEARCH_PATHS = "$(inherited) @executable_path/../Frameworks @loader_path/../Frameworks";
				PRODUCT_BUNDLE_IDENTIFIER = com.samsoffes.countdown;
				PRODUCT_NAME = Countdown;
				PROVISIONING_PROFILE_SPECIFIER = "";
				SWIFT_OPTIMIZATION_LEVEL = "-Onone";
				WRAPPER_EXTENSION = saver;
			};
			name = Debug;
		};
		21F222331B73B5AC00B9A11A /* Release */ = {
			isa = XCBuildConfiguration;
			buildSettings = {
				ALWAYS_EMBED_SWIFT_STANDARD_LIBRARIES = YES;
				CLANG_ENABLE_MODULES = YES;
				CODE_SIGN_IDENTITY = "Mac Developer";
				CODE_SIGN_STYLE = Automatic;
				COMBINE_HIDPI_IMAGES = YES;
				DEVELOPMENT_TEAM = UP9C8XM22A;
				INFOPLIST_FILE = "$(SRCROOT)/Countdown/Support/Info.plist";
				INSTALL_PATH = "$(HOME)/Library/Screen Savers";
				LD_RUNPATH_SEARCH_PATHS = "$(inherited) @executable_path/../Frameworks @loader_path/../Frameworks";
				PRODUCT_BUNDLE_IDENTIFIER = com.samsoffes.countdown;
				PRODUCT_NAME = Countdown;
				PROVISIONING_PROFILE_SPECIFIER = "";
				WRAPPER_EXTENSION = saver;
			};
			name = Release;
		};
		21F222541B73B60100B9A11A /* Debug */ = {
			isa = XCBuildConfiguration;
			buildSettings = {
				ASSETCATALOG_COMPILER_APPICON_NAME = AppIcon;
				CODE_SIGN_IDENTITY = "-";
				COMBINE_HIDPI_IMAGES = YES;
				GCC_PREPROCESSOR_DEFINITIONS = (
					"DEBUG=1",
					"$(inherited)",
				);
				INFOPLIST_FILE = Preview/Support/Info.plist;
				LD_RUNPATH_SEARCH_PATHS = "$(inherited) @executable_path/../Frameworks";
				PRODUCT_BUNDLE_IDENTIFIER = "com.samsoffes.countdown-preview";
				PRODUCT_NAME = "$(TARGET_NAME)";
				SWIFT_OPTIMIZATION_LEVEL = "-Onone";
			};
			name = Debug;
		};
		21F222551B73B60100B9A11A /* Release */ = {
			isa = XCBuildConfiguration;
			buildSettings = {
				ASSETCATALOG_COMPILER_APPICON_NAME = AppIcon;
				CODE_SIGN_IDENTITY = "-";
				COMBINE_HIDPI_IMAGES = YES;
				INFOPLIST_FILE = Preview/Support/Info.plist;
				LD_RUNPATH_SEARCH_PATHS = "$(inherited) @executable_path/../Frameworks";
				PRODUCT_BUNDLE_IDENTIFIER = "com.samsoffes.countdown-preview";
				PRODUCT_NAME = "$(TARGET_NAME)";
			};
			name = Release;
		};
/* End XCBuildConfiguration section */

/* Begin XCConfigurationList section */
		21F222201B73B5AC00B9A11A /* Build configuration list for PBXProject "Countdown" */ = {
			isa = XCConfigurationList;
			buildConfigurations = (
				21F2222F1B73B5AC00B9A11A /* Debug */,
				21F222301B73B5AC00B9A11A /* Release */,
			);
			defaultConfigurationIsVisible = 0;
			defaultConfigurationName = Release;
		};
		21F222311B73B5AC00B9A11A /* Build configuration list for PBXNativeTarget "Countdown" */ = {
			isa = XCConfigurationList;
			buildConfigurations = (
				21F222321B73B5AC00B9A11A /* Debug */,
				21F222331B73B5AC00B9A11A /* Release */,
			);
			defaultConfigurationIsVisible = 0;
			defaultConfigurationName = Release;
		};
		21F222531B73B60100B9A11A /* Build configuration list for PBXNativeTarget "Preview" */ = {
			isa = XCConfigurationList;
			buildConfigurations = (
				21F222541B73B60100B9A11A /* Debug */,
				21F222551B73B60100B9A11A /* Release */,
			);
			defaultConfigurationIsVisible = 0;
			defaultConfigurationName = Release;
		};
/* End XCConfigurationList section */
	};
	rootObject = 21F2221D1B73B5AC00B9A11A /* Project object */;
}
