// !$*UTF8*$!
{
	archiveVersion = 1;
	classes = {
	};
	objectVersion = 46;
	objects = {

/* Begin PBXBuildFile section */
		212EA5EF1CA10D430049BD16 /* Info.plist in Resources */ = {isa = PBXBuildFile; fileRef = 212EA5E21CA10D430049BD16 /* Info.plist */; };
		212EA5F01CA10D430049BD16 /* CountdownView.swift in Sources */ = {isa = PBXBuildFile; fileRef = 212EA5E41CA10D430049BD16 /* CountdownView.swift */; };
		212EA5F11CA10D430049BD16 /* ConfigurationWindowController.swift in Sources */ = {isa = PBXBuildFile; fileRef = 212EA5E51CA10D430049BD16 /* ConfigurationWindowController.swift */; };
		212EA5F31CA10D430049BD16 /* Preferences.swift in Sources */ = {isa = PBXBuildFile; fileRef = 212EA5E71CA10D430049BD16 /* Preferences.swift */; };
		212EA5F41CA10D430049BD16 /* Configuration.xib in Resources */ = {isa = PBXBuildFile; fileRef = 212EA5E91CA10D430049BD16 /* Configuration.xib */; };
		212EA5F71CA10D540049BD16 /* PreviewWindowController.swift in Sources */ = {isa = PBXBuildFile; fileRef = 212EA5DD1CA10D430049BD16 /* PreviewWindowController.swift */; };
		212EA5F81CA10D5F0049BD16 /* Main.storyboard in Resources */ = {isa = PBXBuildFile; fileRef = 212EA5DF1CA10D430049BD16 /* Main.storyboard */; };
		212EA5FA1CA10DAE0049BD16 /* CountdownView.swift in Sources */ = {isa = PBXBuildFile; fileRef = 212EA5E41CA10D430049BD16 /* CountdownView.swift */; };
		212EA5FB1CA10DAE0049BD16 /* ConfigurationWindowController.swift in Sources */ = {isa = PBXBuildFile; fileRef = 212EA5E51CA10D430049BD16 /* ConfigurationWindowController.swift */; };
		212EA5FD1CA10DAE0049BD16 /* Preferences.swift in Sources */ = {isa = PBXBuildFile; fileRef = 212EA5E71CA10D430049BD16 /* Preferences.swift */; };
		212EA5FF1CA10F370049BD16 /* AppDelegate.swift in Sources */ = {isa = PBXBuildFile; fileRef = 212EA5FE1CA10F370049BD16 /* AppDelegate.swift */; };
		212EA6001CA10FDB0049BD16 /* Configuration.xib in Resources */ = {isa = PBXBuildFile; fileRef = 212EA5E91CA10D430049BD16 /* Configuration.xib */; };
/* End PBXBuildFile section */

/* Begin PBXFileReference section */
		212EA5DD1CA10D430049BD16 /* PreviewWindowController.swift */ = {isa = PBXFileReference; fileEncoding = 4; lastKnownFileType = sourcecode.swift; path = PreviewWindowController.swift; sourceTree = "<group>"; };
		212EA5E01CA10D430049BD16 /* Base */ = {isa = PBXFileReference; lastKnownFileType = file.storyboard; name = Base; path = Base.lproj/Main.storyboard; sourceTree = "<group>"; };
		212EA5E21CA10D430049BD16 /* Info.plist */ = {isa = PBXFileReference; fileEncoding = 4; lastKnownFileType = text.plist.xml; path = Info.plist; sourceTree = "<group>"; };
		212EA5E41CA10D430049BD16 /* CountdownView.swift */ = {isa = PBXFileReference; fileEncoding = 4; lastKnownFileType = sourcecode.swift; path = CountdownView.swift; sourceTree = "<group>"; };
		212EA5E51CA10D430049BD16 /* ConfigurationWindowController.swift */ = {isa = PBXFileReference; fileEncoding = 4; lastKnownFileType = sourcecode.swift; path = ConfigurationWindowController.swift; sourceTree = "<group>"; };
		212EA5E71CA10D430049BD16 /* Preferences.swift */ = {isa = PBXFileReference; fileEncoding = 4; lastKnownFileType = sourcecode.swift; path = Preferences.swift; sourceTree = "<group>"; };
		212EA5E91CA10D430049BD16 /* Configuration.xib */ = {isa = PBXFileReference; fileEncoding = 4; lastKnownFileType = file.xib; path = Configuration.xib; sourceTree = "<group>"; };
		212EA5EA1CA10D430049BD16 /* Info.plist */ = {isa = PBXFileReference; fileEncoding = 4; lastKnownFileType = text.plist.xml; path = Info.plist; sourceTree = "<group>"; };
		212EA5FE1CA10F370049BD16 /* AppDelegate.swift */ = {isa = PBXFileReference; fileEncoding = 4; lastKnownFileType = sourcecode.swift; path = AppDelegate.swift; sourceTree = "<group>"; };
		21F222261B73B5AC00B9A11A /* Countdown.saver */ = {isa = PBXFileReference; explicitFileType = wrapper.cfbundle; includeInIndex = 0; path = Countdown.saver; sourceTree = BUILT_PRODUCTS_DIR; };
		21F2223A1B73B60100B9A11A /* Preview.app */ = {isa = PBXFileReference; explicitFileType = wrapper.application; includeInIndex = 0; path = Preview.app; sourceTree = BUILT_PRODUCTS_DIR; };
/* End PBXFileReference section */

/* Begin PBXFrameworksBuildPhase section */
		21F222221B73B5AC00B9A11A /* Frameworks */ = {
			isa = PBXFrameworksBuildPhase;
			buildActionMask = 2147483647;
			files = (
			);
			runOnlyForDeploymentPostprocessing = 0;
		};
		21F222371B73B60100B9A11A /* Frameworks */ = {
			isa = PBXFrameworksBuildPhase;
			buildActionMask = 2147483647;
			files = (
			);
			runOnlyForDeploymentPostprocessing = 0;
		};
/* End PBXFrameworksBuildPhase section */

/* Begin PBXGroup section */
		212EA5DA1CA10D430049BD16 /* Preview */ = {
			isa = PBXGroup;
			children = (
				212EA5DB1CA10D430049BD16 /* Sources */,
				212EA5DE1CA10D430049BD16 /* Support */,
			);
			path = Preview;
			sourceTree = "<group>";
		};
		212EA5DB1CA10D430049BD16 /* Sources */ = {
			isa = PBXGroup;
			children = (
				212EA5FE1CA10F370049BD16 /* AppDelegate.swift */,
				212EA5DD1CA10D430049BD16 /* PreviewWindowController.swift */,
			);
			path = Sources;
			sourceTree = "<group>";
		};
		212EA5DE1CA10D430049BD16 /* Support */ = {
			isa = PBXGroup;
			children = (
				212EA5DF1CA10D430049BD16 /* Main.storyboard */,
				212EA5E21CA10D430049BD16 /* Info.plist */,
			);
			path = Support;
			sourceTree = "<group>";
		};
		212EA5E31CA10D430049BD16 /* Sources */ = {
			isa = PBXGroup;
			children = (
				212EA5E41CA10D430049BD16 /* CountdownView.swift */,
				212EA5E51CA10D430049BD16 /* ConfigurationWindowController.swift */,
				212EA5E71CA10D430049BD16 /* Preferences.swift */,
			);
			path = Sources;
			sourceTree = "<group>";
		};
		212EA5E81CA10D430049BD16 /* Support */ = {
			isa = PBXGroup;
			children = (
				212EA5E91CA10D430049BD16 /* Configuration.xib */,
				212EA5EA1CA10D430049BD16 /* Info.plist */,
			);
			path = Support;
			sourceTree = "<group>";
		};
		21F2221C1B73B5AC00B9A11A = {
			isa = PBXGroup;
			children = (
				212EA5E31CA10D430049BD16 /* Sources */,
				212EA5E81CA10D430049BD16 /* Support */,
				212EA5DA1CA10D430049BD16 /* Preview */,
				21F222271B73B5AC00B9A11A /* Products */,
			);
			sourceTree = "<group>";
		};
		21F222271B73B5AC00B9A11A /* Products */ = {
			isa = PBXGroup;
			children = (
				21F222261B73B5AC00B9A11A /* Countdown.saver */,
				21F2223A1B73B60100B9A11A /* Preview.app */,
			);
			name = Products;
			sourceTree = "<group>";
		};
/* End PBXGroup section */

/* Begin PBXHeadersBuildPhase section */
		21F222231B73B5AC00B9A11A /* Headers */ = {
			isa = PBXHeadersBuildPhase;
			buildActionMask = 2147483647;
			files = (
			);
			runOnlyForDeploymentPostprocessing = 0;
		};
/* End PBXHeadersBuildPhase section */

/* Begin PBXNativeTarget section */
		21F222251B73B5AC00B9A11A /* Countdown */ = {
			isa = PBXNativeTarget;
			buildConfigurationList = 21F222311B73B5AC00B9A11A /* Build configuration list for PBXNativeTarget "Countdown" */;
			buildPhases = (
				21F222211B73B5AC00B9A11A /* Sources */,
				21F222221B73B5AC00B9A11A /* Frameworks */,
				21F222231B73B5AC00B9A11A /* Headers */,
				21F222241B73B5AC00B9A11A /* Resources */,
			);
			buildRules = (
			);
			dependencies = (
			);
			name = Countdown;
			productName = Motivation;
			productReference = 21F222261B73B5AC00B9A11A /* Countdown.saver */;
			productType = "com.apple.product-type.bundle";
		};
		21F222391B73B60100B9A11A /* Preview */ = {
			isa = PBXNativeTarget;
			buildConfigurationList = 21F222531B73B60100B9A11A /* Build configuration list for PBXNativeTarget "Preview" */;
			buildPhases = (
				21F222361B73B60100B9A11A /* Sources */,
				21F222371B73B60100B9A11A /* Frameworks */,
				21F222381B73B60100B9A11A /* Resources */,
			);
			buildRules = (
			);
			dependencies = (
			);
			name = Preview;
			productName = Preview;
			productReference = 21F2223A1B73B60100B9A11A /* Preview.app */;
			productType = "com.apple.product-type.application";
		};
/* End PBXNativeTarget section */

/* Begin PBXProject section */
		21F2221D1B73B5AC00B9A11A /* Project object */ = {
			isa = PBXProject;
			attributes = {
				LastSwiftUpdateCheck = 0700;
				LastUpgradeCheck = 0700;
				ORGANIZATIONNAME = "Sam Soffes";
				TargetAttributes = {
					21F222251B73B5AC00B9A11A = {
						CreatedOnToolsVersion = 6.4;
					};
					21F222391B73B60100B9A11A = {
						CreatedOnToolsVersion = 6.4;
					};
				};
			};
			buildConfigurationList = 21F222201B73B5AC00B9A11A /* Build configuration list for PBXProject "Countdown" */;
			compatibilityVersion = "Xcode 3.2";
			developmentRegion = English;
			hasScannedForEncodings = 0;
			knownRegions = (
				en,
				Base,
			);
			mainGroup = 21F2221C1B73B5AC00B9A11A;
			productRefGroup = 21F222271B73B5AC00B9A11A /* Products */;
			projectDirPath = "";
			projectRoot = "";
			targets = (
				21F222251B73B5AC00B9A11A /* Countdown */,
				21F222391B73B60100B9A11A /* Preview */,
			);
		};
/* End PBXProject section */

/* Begin PBXResourcesBuildPhase section */
		21F222241B73B5AC00B9A11A /* Resources */ = {
			isa = PBXResourcesBuildPhase;
			buildActionMask = 2147483647;
			files = (
				212EA5F41CA10D430049BD16 /* Configuration.xib in Resources */,
				212EA5EF1CA10D430049BD16 /* Info.plist in Resources */,
			);
			runOnlyForDeploymentPostprocessing = 0;
		};
		21F222381B73B60100B9A11A /* Resources */ = {
			isa = PBXResourcesBuildPhase;
			buildActionMask = 2147483647;
			files = (
				212EA6001CA10FDB0049BD16 /* Configuration.xib in Resources */,
				212EA5F81CA10D5F0049BD16 /* Main.storyboard in Resources */,
			);
			runOnlyForDeploymentPostprocessing = 0;
		};
/* End PBXResourcesBuildPhase section */

/* Begin PBXSourcesBuildPhase section */
		21F222211B73B5AC00B9A11A /* Sources */ = {
			isa = PBXSourcesBuildPhase;
			buildActionMask = 2147483647;
			files = (
				212EA5F31CA10D430049BD16 /* Preferences.swift in Sources */,
				212EA5F11CA10D430049BD16 /* ConfigurationWindowController.swift in Sources */,
				212EA5F01CA10D430049BD16 /* CountdownView.swift in Sources */,
			);
			runOnlyForDeploymentPostprocessing = 0;
		};
		21F222361B73B60100B9A11A /* Sources */ = {
			isa = PBXSourcesBuildPhase;
			buildActionMask = 2147483647;
			files = (
				212EA5FB1CA10DAE0049BD16 /* ConfigurationWindowController.swift in Sources */,
				212EA5FA1CA10DAE0049BD16 /* CountdownView.swift in Sources */,
				212EA5FD1CA10DAE0049BD16 /* Preferences.swift in Sources */,
				212EA5FF1CA10F370049BD16 /* AppDelegate.swift in Sources */,
				212EA5F71CA10D540049BD16 /* PreviewWindowController.swift in Sources */,
			);
			runOnlyForDeploymentPostprocessing = 0;
		};
/* End PBXSourcesBuildPhase section */

/* Begin PBXVariantGroup section */
		212EA5DF1CA10D430049BD16 /* Main.storyboard */ = {
			isa = PBXVariantGroup;
			children = (
				212EA5E01CA10D430049BD16 /* Base */,
			);
			name = Main.storyboard;
			sourceTree = "<group>";
		};
/* End PBXVariantGroup section */

/* Begin XCBuildConfiguration section */
		21F2222F1B73B5AC00B9A11A /* Debug */ = {
			isa = XCBuildConfiguration;
			buildSettings = {
				ALWAYS_SEARCH_USER_PATHS = NO;
				CLANG_CXX_LANGUAGE_STANDARD = "gnu++0x";
				CLANG_CXX_LIBRARY = "libc++";
				CLANG_ENABLE_MODULES = YES;
				CLANG_ENABLE_OBJC_ARC = YES;
				CLANG_WARN_BOOL_CONVERSION = YES;
				CLANG_WARN_CONSTANT_CONVERSION = YES;
				CLANG_WARN_DIRECT_OBJC_ISA_USAGE = YES_ERROR;
				CLANG_WARN_EMPTY_BODY = YES;
				CLANG_WARN_ENUM_CONVERSION = YES;
				CLANG_WARN_INT_CONVERSION = YES;
				CLANG_WARN_OBJC_ROOT_CLASS = YES_ERROR;
				CLANG_WARN_UNREACHABLE_CODE = YES;
				CLANG_WARN__DUPLICATE_METHOD_MATCH = YES;
				COPY_PHASE_STRIP = NO;
				DEBUG_INFORMATION_FORMAT = dwarf;
				ENABLE_STRICT_OBJC_MSGSEND = YES;
				ENABLE_TESTABILITY = YES;
				GCC_C_LANGUAGE_STANDARD = gnu99;
				GCC_DYNAMIC_NO_PIC = NO;
				GCC_NO_COMMON_BLOCKS = YES;
				GCC_OPTIMIZATION_LEVEL = 0;
				GCC_PREPROCESSOR_DEFINITIONS = (
					"DEBUG=1",
					"$(inherited)",
				);
				GCC_SYMBOLS_PRIVATE_EXTERN = NO;
				GCC_WARN_64_TO_32_BIT_CONVERSION = YES;
				GCC_WARN_ABOUT_RETURN_TYPE = YES_ERROR;
				GCC_WARN_UNDECLARED_SELECTOR = YES;
				GCC_WARN_UNINITIALIZED_AUTOS = YES_AGGRESSIVE;
				GCC_WARN_UNUSED_FUNCTION = YES;
				GCC_WARN_UNUSED_VARIABLE = YES;
				MACOSX_DEPLOYMENT_TARGET = 10.9;
				MTL_ENABLE_DEBUG_INFO = YES;
				ONLY_ACTIVE_ARCH = YES;
				SDKROOT = macosx;
			};
			name = Debug;
		};
		21F222301B73B5AC00B9A11A /* Release */ = {
			isa = XCBuildConfiguration;
			buildSettings = {
				ALWAYS_SEARCH_USER_PATHS = NO;
				CLANG_CXX_LANGUAGE_STANDARD = "gnu++0x";
				CLANG_CXX_LIBRARY = "libc++";
				CLANG_ENABLE_MODULES = YES;
				CLANG_ENABLE_OBJC_ARC = YES;
				CLANG_WARN_BOOL_CONVERSION = YES;
				CLANG_WARN_CONSTANT_CONVERSION = YES;
				CLANG_WARN_DIRECT_OBJC_ISA_USAGE = YES_ERROR;
				CLANG_WARN_EMPTY_BODY = YES;
				CLANG_WARN_ENUM_CONVERSION = YES;
				CLANG_WARN_INT_CONVERSION = YES;
				CLANG_WARN_OBJC_ROOT_CLASS = YES_ERROR;
				CLANG_WARN_UNREACHABLE_CODE = YES;
				CLANG_WARN__DUPLICATE_METHOD_MATCH = YES;
				COPY_PHASE_STRIP = NO;
				DEBUG_INFORMATION_FORMAT = "dwarf-with-dsym";
				ENABLE_NS_ASSERTIONS = NO;
				ENABLE_STRICT_OBJC_MSGSEND = YES;
				GCC_C_LANGUAGE_STANDARD = gnu99;
				GCC_NO_COMMON_BLOCKS = YES;
				GCC_WARN_64_TO_32_BIT_CONVERSION = YES;
				GCC_WARN_ABOUT_RETURN_TYPE = YES_ERROR;
				GCC_WARN_UNDECLARED_SELECTOR = YES;
				GCC_WARN_UNINITIALIZED_AUTOS = YES_AGGRESSIVE;
				GCC_WARN_UNUSED_FUNCTION = YES;
				GCC_WARN_UNUSED_VARIABLE = YES;
				MACOSX_DEPLOYMENT_TARGET = 10.9;
				MTL_ENABLE_DEBUG_INFO = NO;
				SDKROOT = macosx;
			};
			name = Release;
		};
		21F222321B73B5AC00B9A11A /* Debug */ = {
			isa = XCBuildConfiguration;
			buildSettings = {
				CLANG_ENABLE_MODULES = YES;
				CODE_SIGN_IDENTITY = "Developer ID Application";
				COMBINE_HIDPI_IMAGES = YES;
				EMBEDDED_CONTENT_CONTAINS_SWIFT = YES;
				INFOPLIST_FILE = Support/Info.plist;
				INSTALL_PATH = "$(HOME)/Library/Screen Savers";
				LD_RUNPATH_SEARCH_PATHS = "$(inherited) @executable_path/../Frameworks @loader_path/../Frameworks";
				PRODUCT_BUNDLE_IDENTIFIER = com.samsoffes.countdown;
				PRODUCT_NAME = Countdown;
				SWIFT_OPTIMIZATION_LEVEL = "-Onone";
				WRAPPER_EXTENSION = saver;
			};
			name = Debug;
		};
		21F222331B73B5AC00B9A11A /* Release */ = {
			isa = XCBuildConfiguration;
			buildSettings = {
				CLANG_ENABLE_MODULES = YES;
				CODE_SIGN_IDENTITY = "Developer ID Application";
				COMBINE_HIDPI_IMAGES = YES;
				EMBEDDED_CONTENT_CONTAINS_SWIFT = YES;
				INFOPLIST_FILE = Support/Info.plist;
				INSTALL_PATH = "$(HOME)/Library/Screen Savers";
				LD_RUNPATH_SEARCH_PATHS = "$(inherited) @executable_path/../Frameworks @loader_path/../Frameworks";
				PRODUCT_BUNDLE_IDENTIFIER = com.samsoffes.countdown;
				PRODUCT_NAME = Countdown;
				WRAPPER_EXTENSION = saver;
			};
			name = Release;
		};
		21F222541B73B60100B9A11A /* Debug */ = {
			isa = XCBuildConfiguration;
			buildSettings = {
				ASSETCATALOG_COMPILER_APPICON_NAME = AppIcon;
				CODE_SIGN_IDENTITY = "-";
				COMBINE_HIDPI_IMAGES = YES;
				GCC_PREPROCESSOR_DEFINITIONS = (
					"DEBUG=1",
					"$(inherited)",
				);
				INFOPLIST_FILE = Preview/Support/Info.plist;
				LD_RUNPATH_SEARCH_PATHS = "$(inherited) @executable_path/../Frameworks";
				PRODUCT_BUNDLE_IDENTIFIER = "com.samsoffes.countdown-preview";
				PRODUCT_NAME = "$(TARGET_NAME)";
				SWIFT_OPTIMIZATION_LEVEL = "-Onone";
			};
			name = Debug;
		};
		21F222551B73B60100B9A11A /* Release */ = {
			isa = XCBuildConfiguration;
			buildSettings = {
				ASSETCATALOG_COMPILER_APPICON_NAME = AppIcon;
				CODE_SIGN_IDENTITY = "-";
				COMBINE_HIDPI_IMAGES = YES;
				INFOPLIST_FILE = Preview/Support/Info.plist;
				LD_RUNPATH_SEARCH_PATHS = "$(inherited) @executable_path/../Frameworks";
				PRODUCT_BUNDLE_IDENTIFIER = "com.samsoffes.countdown-preview";
				PRODUCT_NAME = "$(TARGET_NAME)";
			};
			name = Release;
		};
/* End XCBuildConfiguration section */

/* Begin XCConfigurationList section */
		21F222201B73B5AC00B9A11A /* Build configuration list for PBXProject "Countdown" */ = {
			isa = XCConfigurationList;
			buildConfigurations = (
				21F2222F1B73B5AC00B9A11A /* Debug */,
				21F222301B73B5AC00B9A11A /* Release */,
			);
			defaultConfigurationIsVisible = 0;
			defaultConfigurationName = Release;
		};
		21F222311B73B5AC00B9A11A /* Build configuration list for PBXNativeTarget "Countdown" */ = {
			isa = XCConfigurationList;
			buildConfigurations = (
				21F222321B73B5AC00B9A11A /* Debug */,
				21F222331B73B5AC00B9A11A /* Release */,
			);
			defaultConfigurationIsVisible = 0;
			defaultConfigurationName = Release;
		};
		21F222531B73B60100B9A11A /* Build configuration list for PBXNativeTarget "Preview" */ = {
			isa = XCConfigurationList;
			buildConfigurations = (
				21F222541B73B60100B9A11A /* Debug */,
				21F222551B73B60100B9A11A /* Release */,
			);
			defaultConfigurationIsVisible = 0;
			defaultConfigurationName = Release;
		};
/* End XCConfigurationList section */
	};
	rootObject = 21F2221D1B73B5AC00B9A11A /* Project object */;
}
